// !$*UTF8*$!
{
	archiveVersion = 1;
	classes = {
	};
	objectVersion = 50;
	objects = {

/* Begin PBXBuildFile section */
		9BED09FD25AC5CAA009C1487 /* AppDelegate.swift in Sources */ = {isa = PBXBuildFile; fileRef = 9BED09FC25AC5CAA009C1487 /* AppDelegate.swift */; };
		9BED09FF25AC5CAA009C1487 /* SceneDelegate.swift in Sources */ = {isa = PBXBuildFile; fileRef = 9BED09FE25AC5CAA009C1487 /* SceneDelegate.swift */; };
		9BED0A0125AC5CAA009C1487 /* ViewController.swift in Sources */ = {isa = PBXBuildFile; fileRef = 9BED0A0025AC5CAA009C1487 /* ViewController.swift */; };
		9BED0A0625AC5CAA009C1487 /* Assets.xcassets in Resources */ = {isa = PBXBuildFile; fileRef = 9BED0A0525AC5CAA009C1487 /* Assets.xcassets */; };
		9BED0A0925AC5CAA009C1487 /* LaunchScreen.storyboard in Resources */ = {isa = PBXBuildFile; fileRef = 9BED0A0725AC5CAA009C1487 /* LaunchScreen.storyboard */; };
		9BED0A1425AC5CAB009C1487 /* CurrencyConversionTests.swift in Sources */ = {isa = PBXBuildFile; fileRef = 9BED0A1325AC5CAB009C1487 /* CurrencyConversionTests.swift */; };
		9BED0A1F25AC5CAB009C1487 /* CurrencyConversionUITests.swift in Sources */ = {isa = PBXBuildFile; fileRef = 9BED0A1E25AC5CAB009C1487 /* CurrencyConversionUITests.swift */; };
		9BED0A3325AC5EE1009C1487 /* APIResource.swift in Sources */ = {isa = PBXBuildFile; fileRef = 9BED0A3225AC5EE1009C1487 /* APIResource.swift */; };
		9BED0A3B25AC5FDC009C1487 /* APIRequest.swift in Sources */ = {isa = PBXBuildFile; fileRef = 9BED0A3A25AC5FDC009C1487 /* APIRequest.swift */; };
		9BED0A4025AC6021009C1487 /* WebService.swift in Sources */ = {isa = PBXBuildFile; fileRef = 9BED0A3F25AC6021009C1487 /* WebService.swift */; };
		9BED0A4525AC6068009C1487 /* CurrencyRequest.swift in Sources */ = {isa = PBXBuildFile; fileRef = 9BED0A4425AC6068009C1487 /* CurrencyRequest.swift */; };
		9BED0A4A25AC607D009C1487 /* ExchangeRateRequest.swift in Sources */ = {isa = PBXBuildFile; fileRef = 9BED0A4925AC607D009C1487 /* ExchangeRateRequest.swift */; };
		9BED0A5125AC6100009C1487 /* Currency.swift in Sources */ = {isa = PBXBuildFile; fileRef = 9BED0A5025AC6100009C1487 /* Currency.swift */; };
		9BED0A6025AC7C2D009C1487 /* ExchangeRate.swift in Sources */ = {isa = PBXBuildFile; fileRef = 9BED0A5F25AC7C2D009C1487 /* ExchangeRate.swift */; };
		9BED0A6C25AD4380009C1487 /* ConverterGridBuilder.swift in Sources */ = {isa = PBXBuildFile; fileRef = 9BED0A6B25AD4380009C1487 /* ConverterGridBuilder.swift */; };
		9BED0A7425AD440A009C1487 /* ConverterGridPresenter.swift in Sources */ = {isa = PBXBuildFile; fileRef = 9BED0A7325AD440A009C1487 /* ConverterGridPresenter.swift */; };
		9BED0A7925AD444E009C1487 /* ConverterGridInteractor.swift in Sources */ = {isa = PBXBuildFile; fileRef = 9BED0A7825AD444E009C1487 /* ConverterGridInteractor.swift */; };
		9BED0A7E25AD447F009C1487 /* ConverterGridRouter.swift in Sources */ = {isa = PBXBuildFile; fileRef = 9BED0A7D25AD447F009C1487 /* ConverterGridRouter.swift */; };
		9BED0A8325AD44A7009C1487 /* ConverterGridProtocols.swift in Sources */ = {isa = PBXBuildFile; fileRef = 9BED0A8225AD44A7009C1487 /* ConverterGridProtocols.swift */; };
		9BED0A8925AD45BF009C1487 /* ConverterGridViewController.swift in Sources */ = {isa = PBXBuildFile; fileRef = 9BED0A8825AD45BF009C1487 /* ConverterGridViewController.swift */; };
		9BED0A8E25AD45E2009C1487 /* ConverterGridViewController.xib in Resources */ = {isa = PBXBuildFile; fileRef = 9BED0A8D25AD45E2009C1487 /* ConverterGridViewController.xib */; };
		9BF6321025AD5C4900876524 /* ExchangeRateCell.swift in Sources */ = {isa = PBXBuildFile; fileRef = 9BF6320F25AD5C4900876524 /* ExchangeRateCell.swift */; };
		9BF6321525AD5C6B00876524 /* ExchangeRateCell.xib in Resources */ = {isa = PBXBuildFile; fileRef = 9BF6321425AD5C6B00876524 /* ExchangeRateCell.xib */; };
		9BF6322D25AD5E9A00876524 /* Main.storyboard in Resources */ = {isa = PBXBuildFile; fileRef = 9BF6322B25AD5E9A00876524 /* Main.storyboard */; };
		9BF6328C25AED63000876524 /* ExchangeRateCellModel.swift in Sources */ = {isa = PBXBuildFile; fileRef = 9BF6328B25AED63000876524 /* ExchangeRateCellModel.swift */; };
		9BF6329B25AF24D000876524 /* CacheManager.swift in Sources */ = {isa = PBXBuildFile; fileRef = 9BF6329A25AF24D000876524 /* CacheManager.swift */; };
		9BF632A725B0018500876524 /* ConverterGridBuilderTests.swift in Sources */ = {isa = PBXBuildFile; fileRef = 9BF632A625B0018500876524 /* ConverterGridBuilderTests.swift */; };
		9BF632AF25B0040600876524 /* ConverterGridPresenterTests.swift in Sources */ = {isa = PBXBuildFile; fileRef = 9BF632AE25B0040600876524 /* ConverterGridPresenterTests.swift */; };
		9BF632B425B0045500876524 /* ConverterGridInteractorTests.swift in Sources */ = {isa = PBXBuildFile; fileRef = 9BF632B325B0045500876524 /* ConverterGridInteractorTests.swift */; };
		9BF632B925B0049D00876524 /* ConverterGridViewControllerTests.swift in Sources */ = {isa = PBXBuildFile; fileRef = 9BF632B825B0049D00876524 /* ConverterGridViewControllerTests.swift */; };
		9BF632C025B004E900876524 /* WebServiceTests.swift in Sources */ = {isa = PBXBuildFile; fileRef = 9BF632BF25B004E900876524 /* WebServiceTests.swift */; };
		9BF632C825B004FC00876524 /* CacheManagerTests.swift in Sources */ = {isa = PBXBuildFile; fileRef = 9BF632C725B004FC00876524 /* CacheManagerTests.swift */; };
		9BF6349925B00DF800876524 /* MockObjects.swift in Sources */ = {isa = PBXBuildFile; fileRef = 9BF6349825B00DF800876524 /* MockObjects.swift */; };
/* End PBXBuildFile section */

/* Begin PBXContainerItemProxy section */
		9BED0A1025AC5CAB009C1487 /* PBXContainerItemProxy */ = {
			isa = PBXContainerItemProxy;
			containerPortal = 9BED09F125AC5CAA009C1487 /* Project object */;
			proxyType = 1;
			remoteGlobalIDString = 9BED09F825AC5CAA009C1487;
			remoteInfo = CurrencyConversion;
		};
		9BED0A1B25AC5CAB009C1487 /* PBXContainerItemProxy */ = {
			isa = PBXContainerItemProxy;
			containerPortal = 9BED09F125AC5CAA009C1487 /* Project object */;
			proxyType = 1;
			remoteGlobalIDString = 9BED09F825AC5CAA009C1487;
			remoteInfo = CurrencyConversion;
		};
/* End PBXContainerItemProxy section */

/* Begin PBXFileReference section */
		9BED09F925AC5CAA009C1487 /* CurrencyConversion.app */ = {isa = PBXFileReference; explicitFileType = wrapper.application; includeInIndex = 0; path = CurrencyConversion.app; sourceTree = BUILT_PRODUCTS_DIR; };
		9BED09FC25AC5CAA009C1487 /* AppDelegate.swift */ = {isa = PBXFileReference; lastKnownFileType = sourcecode.swift; path = AppDelegate.swift; sourceTree = "<group>"; };
		9BED09FE25AC5CAA009C1487 /* SceneDelegate.swift */ = {isa = PBXFileReference; lastKnownFileType = sourcecode.swift; path = SceneDelegate.swift; sourceTree = "<group>"; };
		9BED0A0025AC5CAA009C1487 /* ViewController.swift */ = {isa = PBXFileReference; lastKnownFileType = sourcecode.swift; path = ViewController.swift; sourceTree = "<group>"; };
		9BED0A0525AC5CAA009C1487 /* Assets.xcassets */ = {isa = PBXFileReference; lastKnownFileType = folder.assetcatalog; path = Assets.xcassets; sourceTree = "<group>"; };
		9BED0A0825AC5CAA009C1487 /* Base */ = {isa = PBXFileReference; lastKnownFileType = file.storyboard; name = Base; path = Base.lproj/LaunchScreen.storyboard; sourceTree = "<group>"; };
		9BED0A0A25AC5CAA009C1487 /* Info.plist */ = {isa = PBXFileReference; lastKnownFileType = text.plist.xml; path = Info.plist; sourceTree = "<group>"; };
		9BED0A0F25AC5CAB009C1487 /* CurrencyConversionTests.xctest */ = {isa = PBXFileReference; explicitFileType = wrapper.cfbundle; includeInIndex = 0; path = CurrencyConversionTests.xctest; sourceTree = BUILT_PRODUCTS_DIR; };
		9BED0A1325AC5CAB009C1487 /* CurrencyConversionTests.swift */ = {isa = PBXFileReference; lastKnownFileType = sourcecode.swift; path = CurrencyConversionTests.swift; sourceTree = "<group>"; };
		9BED0A1525AC5CAB009C1487 /* Info.plist */ = {isa = PBXFileReference; lastKnownFileType = text.plist.xml; path = Info.plist; sourceTree = "<group>"; };
		9BED0A1A25AC5CAB009C1487 /* CurrencyConversionUITests.xctest */ = {isa = PBXFileReference; explicitFileType = wrapper.cfbundle; includeInIndex = 0; path = CurrencyConversionUITests.xctest; sourceTree = BUILT_PRODUCTS_DIR; };
		9BED0A1E25AC5CAB009C1487 /* CurrencyConversionUITests.swift */ = {isa = PBXFileReference; lastKnownFileType = sourcecode.swift; path = CurrencyConversionUITests.swift; sourceTree = "<group>"; };
		9BED0A2025AC5CAB009C1487 /* Info.plist */ = {isa = PBXFileReference; lastKnownFileType = text.plist.xml; path = Info.plist; sourceTree = "<group>"; };
		9BED0A3225AC5EE1009C1487 /* APIResource.swift */ = {isa = PBXFileReference; lastKnownFileType = sourcecode.swift; path = APIResource.swift; sourceTree = "<group>"; };
		9BED0A3A25AC5FDC009C1487 /* APIRequest.swift */ = {isa = PBXFileReference; lastKnownFileType = sourcecode.swift; path = APIRequest.swift; sourceTree = "<group>"; };
		9BED0A3F25AC6021009C1487 /* WebService.swift */ = {isa = PBXFileReference; lastKnownFileType = sourcecode.swift; path = WebService.swift; sourceTree = "<group>"; };
		9BED0A4425AC6068009C1487 /* CurrencyRequest.swift */ = {isa = PBXFileReference; lastKnownFileType = sourcecode.swift; path = CurrencyRequest.swift; sourceTree = "<group>"; };
		9BED0A4925AC607D009C1487 /* ExchangeRateRequest.swift */ = {isa = PBXFileReference; lastKnownFileType = sourcecode.swift; path = ExchangeRateRequest.swift; sourceTree = "<group>"; };
		9BED0A5025AC6100009C1487 /* Currency.swift */ = {isa = PBXFileReference; lastKnownFileType = sourcecode.swift; path = Currency.swift; sourceTree = "<group>"; };
		9BED0A5F25AC7C2D009C1487 /* ExchangeRate.swift */ = {isa = PBXFileReference; lastKnownFileType = sourcecode.swift; path = ExchangeRate.swift; sourceTree = "<group>"; };
		9BED0A6B25AD4380009C1487 /* ConverterGridBuilder.swift */ = {isa = PBXFileReference; lastKnownFileType = sourcecode.swift; path = ConverterGridBuilder.swift; sourceTree = "<group>"; };
		9BED0A7325AD440A009C1487 /* ConverterGridPresenter.swift */ = {isa = PBXFileReference; lastKnownFileType = sourcecode.swift; path = ConverterGridPresenter.swift; sourceTree = "<group>"; };
		9BED0A7825AD444E009C1487 /* ConverterGridInteractor.swift */ = {isa = PBXFileReference; lastKnownFileType = sourcecode.swift; path = ConverterGridInteractor.swift; sourceTree = "<group>"; };
		9BED0A7D25AD447F009C1487 /* ConverterGridRouter.swift */ = {isa = PBXFileReference; lastKnownFileType = sourcecode.swift; path = ConverterGridRouter.swift; sourceTree = "<group>"; };
		9BED0A8225AD44A7009C1487 /* ConverterGridProtocols.swift */ = {isa = PBXFileReference; lastKnownFileType = sourcecode.swift; path = ConverterGridProtocols.swift; sourceTree = "<group>"; };
		9BED0A8825AD45BF009C1487 /* ConverterGridViewController.swift */ = {isa = PBXFileReference; lastKnownFileType = sourcecode.swift; path = ConverterGridViewController.swift; sourceTree = "<group>"; };
		9BED0A8D25AD45E2009C1487 /* ConverterGridViewController.xib */ = {isa = PBXFileReference; lastKnownFileType = file.xib; path = ConverterGridViewController.xib; sourceTree = "<group>"; };
		9BF6320F25AD5C4900876524 /* ExchangeRateCell.swift */ = {isa = PBXFileReference; lastKnownFileType = sourcecode.swift; path = ExchangeRateCell.swift; sourceTree = "<group>"; };
		9BF6321425AD5C6B00876524 /* ExchangeRateCell.xib */ = {isa = PBXFileReference; lastKnownFileType = file.xib; path = ExchangeRateCell.xib; sourceTree = "<group>"; };
		9BF6322C25AD5E9A00876524 /* Base */ = {isa = PBXFileReference; lastKnownFileType = file.storyboard; name = Base; path = Base.lproj/Main.storyboard; sourceTree = "<group>"; };
		9BF6328B25AED63000876524 /* ExchangeRateCellModel.swift */ = {isa = PBXFileReference; lastKnownFileType = sourcecode.swift; path = ExchangeRateCellModel.swift; sourceTree = "<group>"; };
		9BF6329A25AF24D000876524 /* CacheManager.swift */ = {isa = PBXFileReference; lastKnownFileType = sourcecode.swift; path = CacheManager.swift; sourceTree = "<group>"; };
		9BF632A625B0018500876524 /* ConverterGridBuilderTests.swift */ = {isa = PBXFileReference; lastKnownFileType = sourcecode.swift; path = ConverterGridBuilderTests.swift; sourceTree = "<group>"; };
		9BF632AE25B0040600876524 /* ConverterGridPresenterTests.swift */ = {isa = PBXFileReference; lastKnownFileType = sourcecode.swift; path = ConverterGridPresenterTests.swift; sourceTree = "<group>"; };
		9BF632B325B0045500876524 /* ConverterGridInteractorTests.swift */ = {isa = PBXFileReference; lastKnownFileType = sourcecode.swift; path = ConverterGridInteractorTests.swift; sourceTree = "<group>"; };
		9BF632B825B0049D00876524 /* ConverterGridViewControllerTests.swift */ = {isa = PBXFileReference; lastKnownFileType = sourcecode.swift; path = ConverterGridViewControllerTests.swift; sourceTree = "<group>"; };
		9BF632BF25B004E900876524 /* WebServiceTests.swift */ = {isa = PBXFileReference; lastKnownFileType = sourcecode.swift; path = WebServiceTests.swift; sourceTree = "<group>"; };
		9BF632C725B004FC00876524 /* CacheManagerTests.swift */ = {isa = PBXFileReference; lastKnownFileType = sourcecode.swift; path = CacheManagerTests.swift; sourceTree = "<group>"; };
		9BF6349825B00DF800876524 /* MockObjects.swift */ = {isa = PBXFileReference; lastKnownFileType = sourcecode.swift; path = MockObjects.swift; sourceTree = "<group>"; };
/* End PBXFileReference section */

/* Begin PBXFrameworksBuildPhase section */
		9BED09F625AC5CAA009C1487 /* Frameworks */ = {
			isa = PBXFrameworksBuildPhase;
			buildActionMask = 2147483647;
			files = (
			);
			runOnlyForDeploymentPostprocessing = 0;
		};
		9BED0A0C25AC5CAB009C1487 /* Frameworks */ = {
			isa = PBXFrameworksBuildPhase;
			buildActionMask = 2147483647;
			files = (
			);
			runOnlyForDeploymentPostprocessing = 0;
		};
		9BED0A1725AC5CAB009C1487 /* Frameworks */ = {
			isa = PBXFrameworksBuildPhase;
			buildActionMask = 2147483647;
			files = (
			);
			runOnlyForDeploymentPostprocessing = 0;
		};
/* End PBXFrameworksBuildPhase section */

/* Begin PBXGroup section */
		9BED09F025AC5CAA009C1487 = {
			isa = PBXGroup;
			children = (
				9BED09FB25AC5CAA009C1487 /* CurrencyConversion */,
				9BED0A1225AC5CAB009C1487 /* CurrencyConversionTests */,
				9BED0A1D25AC5CAB009C1487 /* CurrencyConversionUITests */,
				9BED09FA25AC5CAA009C1487 /* Products */,
			);
			sourceTree = "<group>";
		};
		9BED09FA25AC5CAA009C1487 /* Products */ = {
			isa = PBXGroup;
			children = (
				9BED09F925AC5CAA009C1487 /* CurrencyConversion.app */,
				9BED0A0F25AC5CAB009C1487 /* CurrencyConversionTests.xctest */,
				9BED0A1A25AC5CAB009C1487 /* CurrencyConversionUITests.xctest */,
			);
			name = Products;
			sourceTree = "<group>";
		};
		9BED09FB25AC5CAA009C1487 /* CurrencyConversion */ = {
			isa = PBXGroup;
			children = (
				9BED0A6A25AD42CC009C1487 /* ConverterGrid */,
				9BED0A2F25AC5E36009C1487 /* Core */,
				9BED09FC25AC5CAA009C1487 /* AppDelegate.swift */,
				9BED09FE25AC5CAA009C1487 /* SceneDelegate.swift */,
				9BED0A0025AC5CAA009C1487 /* ViewController.swift */,
				9BED0A0525AC5CAA009C1487 /* Assets.xcassets */,
				9BED0A0725AC5CAA009C1487 /* LaunchScreen.storyboard */,
				9BF6322B25AD5E9A00876524 /* Main.storyboard */,
				9BED0A0A25AC5CAA009C1487 /* Info.plist */,
			);
			path = CurrencyConversion;
			sourceTree = "<group>";
		};
		9BED0A1225AC5CAB009C1487 /* CurrencyConversionTests */ = {
			isa = PBXGroup;
			children = (
				9BF6349825B00DF800876524 /* MockObjects.swift */,
				9BF632BE25B004C600876524 /* Core */,
				9BF632A525B0015100876524 /* ConverterGrid */,
				9BED0A1325AC5CAB009C1487 /* CurrencyConversionTests.swift */,
				9BED0A1525AC5CAB009C1487 /* Info.plist */,
			);
			path = CurrencyConversionTests;
			sourceTree = "<group>";
		};
		9BED0A1D25AC5CAB009C1487 /* CurrencyConversionUITests */ = {
			isa = PBXGroup;
			children = (
				9BED0A1E25AC5CAB009C1487 /* CurrencyConversionUITests.swift */,
				9BED0A2025AC5CAB009C1487 /* Info.plist */,
			);
			path = CurrencyConversionUITests;
			sourceTree = "<group>";
		};
		9BED0A2F25AC5E36009C1487 /* Core */ = {
			isa = PBXGroup;
			children = (
				9BF6329925AF24BC00876524 /* Cache */,
				9BED0A4F25AC60DA009C1487 /* Model */,
				9BED0A4E25AC60CB009C1487 /* WebService */,
			);
			path = Core;
			sourceTree = "<group>";
		};
		9BED0A4E25AC60CB009C1487 /* WebService */ = {
			isa = PBXGroup;
			children = (
				9BED0A3225AC5EE1009C1487 /* APIResource.swift */,
				9BED0A3A25AC5FDC009C1487 /* APIRequest.swift */,
				9BED0A3F25AC6021009C1487 /* WebService.swift */,
				9BED0A4425AC6068009C1487 /* CurrencyRequest.swift */,
				9BED0A4925AC607D009C1487 /* ExchangeRateRequest.swift */,
			);
			path = WebService;
			sourceTree = "<group>";
		};
		9BED0A4F25AC60DA009C1487 /* Model */ = {
			isa = PBXGroup;
			children = (
				9BED0A5025AC6100009C1487 /* Currency.swift */,
				9BED0A5F25AC7C2D009C1487 /* ExchangeRate.swift */,
			);
			path = Model;
			sourceTree = "<group>";
		};
		9BED0A6A25AD42CC009C1487 /* ConverterGrid */ = {
			isa = PBXGroup;
			children = (
				9BED0A8725AD459D009C1487 /* View */,
				9BED0A6B25AD4380009C1487 /* ConverterGridBuilder.swift */,
				9BED0A7325AD440A009C1487 /* ConverterGridPresenter.swift */,
				9BED0A7825AD444E009C1487 /* ConverterGridInteractor.swift */,
				9BED0A7D25AD447F009C1487 /* ConverterGridRouter.swift */,
				9BED0A8225AD44A7009C1487 /* ConverterGridProtocols.swift */,
			);
			path = ConverterGrid;
			sourceTree = "<group>";
		};
		9BED0A8725AD459D009C1487 /* View */ = {
			isa = PBXGroup;
			children = (
				9BED0A8825AD45BF009C1487 /* ConverterGridViewController.swift */,
				9BED0A8D25AD45E2009C1487 /* ConverterGridViewController.xib */,
				9BF6320F25AD5C4900876524 /* ExchangeRateCell.swift */,
				9BF6321425AD5C6B00876524 /* ExchangeRateCell.xib */,
				9BF6328B25AED63000876524 /* ExchangeRateCellModel.swift */,
			);
			path = View;
			sourceTree = "<group>";
		};
		9BF6329925AF24BC00876524 /* Cache */ = {
			isa = PBXGroup;
			children = (
				9BF6329A25AF24D000876524 /* CacheManager.swift */,
			);
			path = Cache;
			sourceTree = "<group>";
		};
		9BF632A525B0015100876524 /* ConverterGrid */ = {
			isa = PBXGroup;
			children = (
				9BF632BD25B004A900876524 /* View */,
				9BF632A625B0018500876524 /* ConverterGridBuilderTests.swift */,
				9BF632AE25B0040600876524 /* ConverterGridPresenterTests.swift */,
				9BF632B325B0045500876524 /* ConverterGridInteractorTests.swift */,
			);
			path = ConverterGrid;
			sourceTree = "<group>";
		};
		9BF632BD25B004A900876524 /* View */ = {
			isa = PBXGroup;
			children = (
				9BF632B825B0049D00876524 /* ConverterGridViewControllerTests.swift */,
			);
			path = View;
			sourceTree = "<group>";
		};
		9BF632BE25B004C600876524 /* Core */ = {
			isa = PBXGroup;
			children = (
				9BF632BF25B004E900876524 /* WebServiceTests.swift */,
				9BF632C725B004FC00876524 /* CacheManagerTests.swift */,
			);
			path = Core;
			sourceTree = "<group>";
		};
/* End PBXGroup section */

/* Begin PBXNativeTarget section */
		9BED09F825AC5CAA009C1487 /* CurrencyConversion */ = {
			isa = PBXNativeTarget;
			buildConfigurationList = 9BED0A2325AC5CAB009C1487 /* Build configuration list for PBXNativeTarget "CurrencyConversion" */;
			buildPhases = (
				9BED09F525AC5CAA009C1487 /* Sources */,
				9BED09F625AC5CAA009C1487 /* Frameworks */,
				9BED09F725AC5CAA009C1487 /* Resources */,
			);
			buildRules = (
			);
			dependencies = (
			);
			name = CurrencyConversion;
			productName = CurrencyConversion;
			productReference = 9BED09F925AC5CAA009C1487 /* CurrencyConversion.app */;
			productType = "com.apple.product-type.application";
		};
		9BED0A0E25AC5CAB009C1487 /* CurrencyConversionTests */ = {
			isa = PBXNativeTarget;
			buildConfigurationList = 9BED0A2625AC5CAB009C1487 /* Build configuration list for PBXNativeTarget "CurrencyConversionTests" */;
			buildPhases = (
				9BED0A0B25AC5CAB009C1487 /* Sources */,
				9BED0A0C25AC5CAB009C1487 /* Frameworks */,
				9BED0A0D25AC5CAB009C1487 /* Resources */,
			);
			buildRules = (
			);
			dependencies = (
				9BED0A1125AC5CAB009C1487 /* PBXTargetDependency */,
			);
			name = CurrencyConversionTests;
			productName = CurrencyConversionTests;
			productReference = 9BED0A0F25AC5CAB009C1487 /* CurrencyConversionTests.xctest */;
			productType = "com.apple.product-type.bundle.unit-test";
		};
		9BED0A1925AC5CAB009C1487 /* CurrencyConversionUITests */ = {
			isa = PBXNativeTarget;
			buildConfigurationList = 9BED0A2925AC5CAB009C1487 /* Build configuration list for PBXNativeTarget "CurrencyConversionUITests" */;
			buildPhases = (
				9BED0A1625AC5CAB009C1487 /* Sources */,
				9BED0A1725AC5CAB009C1487 /* Frameworks */,
				9BED0A1825AC5CAB009C1487 /* Resources */,
			);
			buildRules = (
			);
			dependencies = (
				9BED0A1C25AC5CAB009C1487 /* PBXTargetDependency */,
			);
			name = CurrencyConversionUITests;
			productName = CurrencyConversionUITests;
			productReference = 9BED0A1A25AC5CAB009C1487 /* CurrencyConversionUITests.xctest */;
			productType = "com.apple.product-type.bundle.ui-testing";
		};
/* End PBXNativeTarget section */

/* Begin PBXProject section */
		9BED09F125AC5CAA009C1487 /* Project object */ = {
			isa = PBXProject;
			attributes = {
				LastSwiftUpdateCheck = 1230;
				LastUpgradeCheck = 1230;
				TargetAttributes = {
					9BED09F825AC5CAA009C1487 = {
						CreatedOnToolsVersion = 12.3;
					};
					9BED0A0E25AC5CAB009C1487 = {
						CreatedOnToolsVersion = 12.3;
						TestTargetID = 9BED09F825AC5CAA009C1487;
					};
					9BED0A1925AC5CAB009C1487 = {
						CreatedOnToolsVersion = 12.3;
						TestTargetID = 9BED09F825AC5CAA009C1487;
					};
				};
			};
			buildConfigurationList = 9BED09F425AC5CAA009C1487 /* Build configuration list for PBXProject "CurrencyConversion" */;
			compatibilityVersion = "Xcode 9.3";
			developmentRegion = en;
			hasScannedForEncodings = 0;
			knownRegions = (
				en,
				Base,
			);
			mainGroup = 9BED09F025AC5CAA009C1487;
			productRefGroup = 9BED09FA25AC5CAA009C1487 /* Products */;
			projectDirPath = "";
			projectRoot = "";
			targets = (
				9BED09F825AC5CAA009C1487 /* CurrencyConversion */,
				9BED0A0E25AC5CAB009C1487 /* CurrencyConversionTests */,
				9BED0A1925AC5CAB009C1487 /* CurrencyConversionUITests */,
			);
		};
/* End PBXProject section */

/* Begin PBXResourcesBuildPhase section */
		9BED09F725AC5CAA009C1487 /* Resources */ = {
			isa = PBXResourcesBuildPhase;
			buildActionMask = 2147483647;
			files = (
				9BED0A0925AC5CAA009C1487 /* LaunchScreen.storyboard in Resources */,
				9BF6322D25AD5E9A00876524 /* Main.storyboard in Resources */,
				9BED0A8E25AD45E2009C1487 /* ConverterGridViewController.xib in Resources */,
				9BF6321525AD5C6B00876524 /* ExchangeRateCell.xib in Resources */,
				9BED0A0625AC5CAA009C1487 /* Assets.xcassets in Resources */,
			);
			runOnlyForDeploymentPostprocessing = 0;
		};
		9BED0A0D25AC5CAB009C1487 /* Resources */ = {
			isa = PBXResourcesBuildPhase;
			buildActionMask = 2147483647;
			files = (
			);
			runOnlyForDeploymentPostprocessing = 0;
		};
		9BED0A1825AC5CAB009C1487 /* Resources */ = {
			isa = PBXResourcesBuildPhase;
			buildActionMask = 2147483647;
			files = (
			);
			runOnlyForDeploymentPostprocessing = 0;
		};
/* End PBXResourcesBuildPhase section */

/* Begin PBXSourcesBuildPhase section */
		9BED09F525AC5CAA009C1487 /* Sources */ = {
			isa = PBXSourcesBuildPhase;
			buildActionMask = 2147483647;
			files = (
				9BED0A5125AC6100009C1487 /* Currency.swift in Sources */,
				9BED0A4025AC6021009C1487 /* WebService.swift in Sources */,
				9BED0A4A25AC607D009C1487 /* ExchangeRateRequest.swift in Sources */,
				9BED0A0125AC5CAA009C1487 /* ViewController.swift in Sources */,
				9BED09FD25AC5CAA009C1487 /* AppDelegate.swift in Sources */,
				9BF6328C25AED63000876524 /* ExchangeRateCellModel.swift in Sources */,
				9BED0A7425AD440A009C1487 /* ConverterGridPresenter.swift in Sources */,
				9BF6321025AD5C4900876524 /* ExchangeRateCell.swift in Sources */,
				9BED0A3325AC5EE1009C1487 /* APIResource.swift in Sources */,
				9BED0A7925AD444E009C1487 /* ConverterGridInteractor.swift in Sources */,
				9BED0A6025AC7C2D009C1487 /* ExchangeRate.swift in Sources */,
				9BED0A3B25AC5FDC009C1487 /* APIRequest.swift in Sources */,
				9BED0A6C25AD4380009C1487 /* ConverterGridBuilder.swift in Sources */,
				9BF6329B25AF24D000876524 /* CacheManager.swift in Sources */,
				9BED0A8925AD45BF009C1487 /* ConverterGridViewController.swift in Sources */,
				9BED0A4525AC6068009C1487 /* CurrencyRequest.swift in Sources */,
				9BED09FF25AC5CAA009C1487 /* SceneDelegate.swift in Sources */,
				9BED0A7E25AD447F009C1487 /* ConverterGridRouter.swift in Sources */,
				9BED0A8325AD44A7009C1487 /* ConverterGridProtocols.swift in Sources */,
			);
			runOnlyForDeploymentPostprocessing = 0;
		};
		9BED0A0B25AC5CAB009C1487 /* Sources */ = {
			isa = PBXSourcesBuildPhase;
			buildActionMask = 2147483647;
			files = (
				9BF6349925B00DF800876524 /* MockObjects.swift in Sources */,
				9BF632B925B0049D00876524 /* ConverterGridViewControllerTests.swift in Sources */,
				9BF632C825B004FC00876524 /* CacheManagerTests.swift in Sources */,
				9BF632AF25B0040600876524 /* ConverterGridPresenterTests.swift in Sources */,
				9BF632B425B0045500876524 /* ConverterGridInteractorTests.swift in Sources */,
				9BF632A725B0018500876524 /* ConverterGridBuilderTests.swift in Sources */,
				9BF632C025B004E900876524 /* WebServiceTests.swift in Sources */,
				9BED0A1425AC5CAB009C1487 /* CurrencyConversionTests.swift in Sources */,
			);
			runOnlyForDeploymentPostprocessing = 0;
		};
		9BED0A1625AC5CAB009C1487 /* Sources */ = {
			isa = PBXSourcesBuildPhase;
			buildActionMask = 2147483647;
			files = (
				9BED0A1F25AC5CAB009C1487 /* CurrencyConversionUITests.swift in Sources */,
			);
			runOnlyForDeploymentPostprocessing = 0;
		};
/* End PBXSourcesBuildPhase section */

/* Begin PBXTargetDependency section */
		9BED0A1125AC5CAB009C1487 /* PBXTargetDependency */ = {
			isa = PBXTargetDependency;
			target = 9BED09F825AC5CAA009C1487 /* CurrencyConversion */;
			targetProxy = 9BED0A1025AC5CAB009C1487 /* PBXContainerItemProxy */;
		};
		9BED0A1C25AC5CAB009C1487 /* PBXTargetDependency */ = {
			isa = PBXTargetDependency;
			target = 9BED09F825AC5CAA009C1487 /* CurrencyConversion */;
			targetProxy = 9BED0A1B25AC5CAB009C1487 /* PBXContainerItemProxy */;
		};
/* End PBXTargetDependency section */

/* Begin PBXVariantGroup section */
		9BED0A0725AC5CAA009C1487 /* LaunchScreen.storyboard */ = {
			isa = PBXVariantGroup;
			children = (
				9BED0A0825AC5CAA009C1487 /* Base */,
			);
			name = LaunchScreen.storyboard;
			sourceTree = "<group>";
		};
		9BF6322B25AD5E9A00876524 /* Main.storyboard */ = {
			isa = PBXVariantGroup;
			children = (
				9BF6322C25AD5E9A00876524 /* Base */,
			);
			name = Main.storyboard;
			sourceTree = "<group>";
		};
/* End PBXVariantGroup section */

/* Begin XCBuildConfiguration section */
		9BED0A2125AC5CAB009C1487 /* Debug */ = {
			isa = XCBuildConfiguration;
			buildSettings = {
				ALWAYS_SEARCH_USER_PATHS = NO;
				CLANG_ANALYZER_NONNULL = YES;
				CLANG_ANALYZER_NUMBER_OBJECT_CONVERSION = YES_AGGRESSIVE;
				CLANG_CXX_LANGUAGE_STANDARD = "gnu++14";
				CLANG_CXX_LIBRARY = "libc++";
				CLANG_ENABLE_MODULES = YES;
				CLANG_ENABLE_OBJC_ARC = YES;
				CLANG_ENABLE_OBJC_WEAK = YES;
				CLANG_WARN_BLOCK_CAPTURE_AUTORELEASING = YES;
				CLANG_WARN_BOOL_CONVERSION = YES;
				CLANG_WARN_COMMA = YES;
				CLANG_WARN_CONSTANT_CONVERSION = YES;
				CLANG_WARN_DEPRECATED_OBJC_IMPLEMENTATIONS = YES;
				CLANG_WARN_DIRECT_OBJC_ISA_USAGE = YES_ERROR;
				CLANG_WARN_DOCUMENTATION_COMMENTS = YES;
				CLANG_WARN_EMPTY_BODY = YES;
				CLANG_WARN_ENUM_CONVERSION = YES;
				CLANG_WARN_INFINITE_RECURSION = YES;
				CLANG_WARN_INT_CONVERSION = YES;
				CLANG_WARN_NON_LITERAL_NULL_CONVERSION = YES;
				CLANG_WARN_OBJC_IMPLICIT_RETAIN_SELF = YES;
				CLANG_WARN_OBJC_LITERAL_CONVERSION = YES;
				CLANG_WARN_OBJC_ROOT_CLASS = YES_ERROR;
				CLANG_WARN_QUOTED_INCLUDE_IN_FRAMEWORK_HEADER = YES;
				CLANG_WARN_RANGE_LOOP_ANALYSIS = YES;
				CLANG_WARN_STRICT_PROTOTYPES = YES;
				CLANG_WARN_SUSPICIOUS_MOVE = YES;
				CLANG_WARN_UNGUARDED_AVAILABILITY = YES_AGGRESSIVE;
				CLANG_WARN_UNREACHABLE_CODE = YES;
				CLANG_WARN__DUPLICATE_METHOD_MATCH = YES;
				COPY_PHASE_STRIP = NO;
				DEBUG_INFORMATION_FORMAT = dwarf;
				ENABLE_STRICT_OBJC_MSGSEND = YES;
				ENABLE_TESTABILITY = YES;
				GCC_C_LANGUAGE_STANDARD = gnu11;
				GCC_DYNAMIC_NO_PIC = NO;
				GCC_NO_COMMON_BLOCKS = YES;
				GCC_OPTIMIZATION_LEVEL = 0;
				GCC_PREPROCESSOR_DEFINITIONS = (
					"DEBUG=1",
					"$(inherited)",
				);
				GCC_WARN_64_TO_32_BIT_CONVERSION = YES;
				GCC_WARN_ABOUT_RETURN_TYPE = YES_ERROR;
				GCC_WARN_UNDECLARED_SELECTOR = YES;
				GCC_WARN_UNINITIALIZED_AUTOS = YES_AGGRESSIVE;
				GCC_WARN_UNUSED_FUNCTION = YES;
				GCC_WARN_UNUSED_VARIABLE = YES;
				IPHONEOS_DEPLOYMENT_TARGET = 14.3;
				MTL_ENABLE_DEBUG_INFO = INCLUDE_SOURCE;
				MTL_FAST_MATH = YES;
				ONLY_ACTIVE_ARCH = YES;
				SDKROOT = iphoneos;
				SWIFT_ACTIVE_COMPILATION_CONDITIONS = DEBUG;
				SWIFT_OPTIMIZATION_LEVEL = "-Onone";
			};
			name = Debug;
		};
		9BED0A2225AC5CAB009C1487 /* Release */ = {
			isa = XCBuildConfiguration;
			buildSettings = {
				ALWAYS_SEARCH_USER_PATHS = NO;
				CLANG_ANALYZER_NONNULL = YES;
				CLANG_ANALYZER_NUMBER_OBJECT_CONVERSION = YES_AGGRESSIVE;
				CLANG_CXX_LANGUAGE_STANDARD = "gnu++14";
				CLANG_CXX_LIBRARY = "libc++";
				CLANG_ENABLE_MODULES = YES;
				CLANG_ENABLE_OBJC_ARC = YES;
				CLANG_ENABLE_OBJC_WEAK = YES;
				CLANG_WARN_BLOCK_CAPTURE_AUTORELEASING = YES;
				CLANG_WARN_BOOL_CONVERSION = YES;
				CLANG_WARN_COMMA = YES;
				CLANG_WARN_CONSTANT_CONVERSION = YES;
				CLANG_WARN_DEPRECATED_OBJC_IMPLEMENTATIONS = YES;
				CLANG_WARN_DIRECT_OBJC_ISA_USAGE = YES_ERROR;
				CLANG_WARN_DOCUMENTATION_COMMENTS = YES;
				CLANG_WARN_EMPTY_BODY = YES;
				CLANG_WARN_ENUM_CONVERSION = YES;
				CLANG_WARN_INFINITE_RECURSION = YES;
				CLANG_WARN_INT_CONVERSION = YES;
				CLANG_WARN_NON_LITERAL_NULL_CONVERSION = YES;
				CLANG_WARN_OBJC_IMPLICIT_RETAIN_SELF = YES;
				CLANG_WARN_OBJC_LITERAL_CONVERSION = YES;
				CLANG_WARN_OBJC_ROOT_CLASS = YES_ERROR;
				CLANG_WARN_QUOTED_INCLUDE_IN_FRAMEWORK_HEADER = YES;
				CLANG_WARN_RANGE_LOOP_ANALYSIS = YES;
				CLANG_WARN_STRICT_PROTOTYPES = YES;
				CLANG_WARN_SUSPICIOUS_MOVE = YES;
				CLANG_WARN_UNGUARDED_AVAILABILITY = YES_AGGRESSIVE;
				CLANG_WARN_UNREACHABLE_CODE = YES;
				CLANG_WARN__DUPLICATE_METHOD_MATCH = YES;
				COPY_PHASE_STRIP = NO;
				DEBUG_INFORMATION_FORMAT = "dwarf-with-dsym";
				ENABLE_NS_ASSERTIONS = NO;
				ENABLE_STRICT_OBJC_MSGSEND = YES;
				GCC_C_LANGUAGE_STANDARD = gnu11;
				GCC_NO_COMMON_BLOCKS = YES;
				GCC_WARN_64_TO_32_BIT_CONVERSION = YES;
				GCC_WARN_ABOUT_RETURN_TYPE = YES_ERROR;
				GCC_WARN_UNDECLARED_SELECTOR = YES;
				GCC_WARN_UNINITIALIZED_AUTOS = YES_AGGRESSIVE;
				GCC_WARN_UNUSED_FUNCTION = YES;
				GCC_WARN_UNUSED_VARIABLE = YES;
				IPHONEOS_DEPLOYMENT_TARGET = 14.3;
				MTL_ENABLE_DEBUG_INFO = NO;
				MTL_FAST_MATH = YES;
				SDKROOT = iphoneos;
				SWIFT_COMPILATION_MODE = wholemodule;
				SWIFT_OPTIMIZATION_LEVEL = "-O";
				VALIDATE_PRODUCT = YES;
			};
			name = Release;
		};
		9BED0A2425AC5CAB009C1487 /* Debug */ = {
			isa = XCBuildConfiguration;
			buildSettings = {
				ASSETCATALOG_COMPILER_APPICON_NAME = AppIcon;
				ASSETCATALOG_COMPILER_GLOBAL_ACCENT_COLOR_NAME = AccentColor;
				CODE_SIGN_STYLE = Automatic;
				INFOPLIST_FILE = CurrencyConversion/Info.plist;
				LD_RUNPATH_SEARCH_PATHS = (
					"$(inherited)",
					"@executable_path/Frameworks",
				);
				PRODUCT_BUNDLE_IDENTIFIER = me..CurrencyConversion;
				PRODUCT_NAME = "$(TARGET_NAME)";
				SWIFT_VERSION = 5.0;
				TARGETED_DEVICE_FAMILY = "1,2";
			};
			name = Debug;
		};
		9BED0A2525AC5CAB009C1487 /* Release */ = {
			isa = XCBuildConfiguration;
			buildSettings = {
				ASSETCATALOG_COMPILER_APPICON_NAME = AppIcon;
				ASSETCATALOG_COMPILER_GLOBAL_ACCENT_COLOR_NAME = AccentColor;
				CODE_SIGN_STYLE = Automatic;
				INFOPLIST_FILE = CurrencyConversion/Info.plist;
				LD_RUNPATH_SEARCH_PATHS = (
					"$(inherited)",
					"@executable_path/Frameworks",
				);
				PRODUCT_BUNDLE_IDENTIFIER = me..CurrencyConversion;
				PRODUCT_NAME = "$(TARGET_NAME)";
				SWIFT_VERSION = 5.0;
				TARGETED_DEVICE_FAMILY = "1,2";
			};
			name = Release;
		};
		9BED0A2725AC5CAB009C1487 /* Debug */ = {
			isa = XCBuildConfiguration;
			buildSettings = {
				ALWAYS_EMBED_SWIFT_STANDARD_LIBRARIES = YES;
				BUNDLE_LOADER = "$(TEST_HOST)";
				CODE_SIGN_STYLE = Automatic;
				INFOPLIST_FILE = CurrencyConversionTests/Info.plist;
				IPHONEOS_DEPLOYMENT_TARGET = 14.3;
				LD_RUNPATH_SEARCH_PATHS = (
					"$(inherited)",
					"@executable_path/Frameworks",
					"@loader_path/Frameworks",
				);
				PRODUCT_BUNDLE_IDENTIFIER = me..CurrencyConversionTests;
				PRODUCT_NAME = "$(TARGET_NAME)";
				SWIFT_VERSION = 5.0;
				TARGETED_DEVICE_FAMILY = "1,2";
				TEST_HOST = "$(BUILT_PRODUCTS_DIR)/CurrencyConversion.app/CurrencyConversion";
			};
			name = Debug;
		};
		9BED0A2825AC5CAB009C1487 /* Release */ = {
			isa = XCBuildConfiguration;
			buildSettings = {
				ALWAYS_EMBED_SWIFT_STANDARD_LIBRARIES = YES;
				BUNDLE_LOADER = "$(TEST_HOST)";
				CODE_SIGN_STYLE = Automatic;
				INFOPLIST_FILE = CurrencyConversionTests/Info.plist;
				IPHONEOS_DEPLOYMENT_TARGET = 14.3;
				LD_RUNPATH_SEARCH_PATHS = (
					"$(inherited)",
					"@executable_path/Frameworks",
					"@loader_path/Frameworks",
				);
				PRODUCT_BUNDLE_IDENTIFIER = me..CurrencyConversionTests;
				PRODUCT_NAME = "$(TARGET_NAME)";
				SWIFT_VERSION = 5.0;
				TARGETED_DEVICE_FAMILY = "1,2";
				TEST_HOST = "$(BUILT_PRODUCTS_DIR)/CurrencyConversion.app/CurrencyConversion";
			};
			name = Release;
		};
		9BED0A2A25AC5CAB009C1487 /* Debug */ = {
			isa = XCBuildConfiguration;
			buildSettings = {
				ALWAYS_EMBED_SWIFT_STANDARD_LIBRARIES = YES;
				CODE_SIGN_STYLE = Automatic;
				INFOPLIST_FILE = CurrencyConversionUITests/Info.plist;
				LD_RUNPATH_SEARCH_PATHS = (
					"$(inherited)",
					"@executable_path/Frameworks",
					"@loader_path/Frameworks",
				);
				PRODUCT_BUNDLE_IDENTIFIER = me..CurrencyConversionUITests;
				PRODUCT_NAME = "$(TARGET_NAME)";
				SWIFT_VERSION = 5.0;
				TARGETED_DEVICE_FAMILY = "1,2";
				TEST_TARGET_NAME = CurrencyConversion;
			};
			name = Debug;
		};
		9BED0A2B25AC5CAB009C1487 /* Release */ = {
			isa = XCBuildConfiguration;
			buildSettings = {
				ALWAYS_EMBED_SWIFT_STANDARD_LIBRARIES = YES;
				CODE_SIGN_STYLE = Automatic;
				INFOPLIST_FILE = CurrencyConversionUITests/Info.plist;
				LD_RUNPATH_SEARCH_PATHS = (
					"$(inherited)",
					"@executable_path/Frameworks",
					"@loader_path/Frameworks",
				);
				PRODUCT_BUNDLE_IDENTIFIER = me..CurrencyConversionUITests;
				PRODUCT_NAME = "$(TARGET_NAME)";
				SWIFT_VERSION = 5.0;
				TARGETED_DEVICE_FAMILY = "1,2";
				TEST_TARGET_NAME = CurrencyConversion;
			};
			name = Release;
		};
/* End XCBuildConfiguration section */

/* Begin XCConfigurationList section */
		9BED09F425AC5CAA009C1487 /* Build configuration list for PBXProject "CurrencyConversion" */ = {
			isa = XCConfigurationList;
			buildConfigurations = (
				9BED0A2125AC5CAB009C1487 /* Debug */,
				9BED0A2225AC5CAB009C1487 /* Release */,
			);
			defaultConfigurationIsVisible = 0;
			defaultConfigurationName = Release;
		};
		9BED0A2325AC5CAB009C1487 /* Build configuration list for PBXNativeTarget "CurrencyConversion" */ = {
			isa = XCConfigurationList;
			buildConfigurations = (
				9BED0A2425AC5CAB009C1487 /* Debug */,
				9BED0A2525AC5CAB009C1487 /* Release */,
			);
			defaultConfigurationIsVisible = 0;
			defaultConfigurationName = Release;
		};
		9BED0A2625AC5CAB009C1487 /* Build configuration list for PBXNativeTarget "CurrencyConversionTests" */ = {
			isa = XCConfigurationList;
			buildConfigurations = (
				9BED0A2725AC5CAB009C1487 /* Debug */,
				9BED0A2825AC5CAB009C1487 /* Release */,
			);
			defaultConfigurationIsVisible = 0;
			defaultConfigurationName = Release;
		};
		9BED0A2925AC5CAB009C1487 /* Build configuration list for PBXNativeTarget "CurrencyConversionUITests" */ = {
			isa = XCConfigurationList;
			buildConfigurations = (
				9BED0A2A25AC5CAB009C1487 /* Debug */,
				9BED0A2B25AC5CAB009C1487 /* Release */,
			);
			defaultConfigurationIsVisible = 0;
			defaultConfigurationName = Release;
		};
/* End XCConfigurationList section */
	};
	rootObject = 9BED09F125AC5CAA009C1487 /* Project object */;
}
